
Microsoft Visual Studio Solution File, Format Version 12.00
# Visual Studio Version 17
VisualStudioVersion = 17.14.36414.22 d17.14
MinimumVisualStudioVersion = 10.0.40219.1
Project("{FAE04EC0-301F-11D3-BF4B-00C04F79EFBC}") = "Assignment10.2.4", "Assignment10.2.4.csproj", "{4FC79AE7-98EB-48AE-98F7-B8344C2505CA}"
EndProject
Global
	GlobalSection(SolutionConfigurationPlatforms) = preSolution
		Debug|Any CPU = Debug|Any CPU
		Release|Any CPU = Release|Any CPU
	EndGlobalSection
	GlobalSection(ProjectConfigurationPlatforms) = postSolution
		{4FC79AE7-98EB-48AE-98F7-B8344C2505CA}.Debug|Any CPU.ActiveCfg = Debug|Any CPU
		{4FC79AE7-98EB-48AE-98F7-B8344C2505CA}.Debug|Any CPU.Build.0 = Debug|Any CPU
		{4FC79AE7-98EB-48AE-98F7-B8344C2505CA}.Release|Any CPU.ActiveCfg = Release|Any CPU
		{4FC79AE7-98EB-48AE-98F7-B8344C2505CA}.Release|Any CPU.Build.0 = Release|Any CPU
	EndGlobalSection
	GlobalSection(SolutionProperties) = preSolution
		HideSolutionNode = FALSE
	EndGlobalSection
	GlobalSection(ExtensibilityGlobals) = postSolution
		SolutionGuid = {73938F0B-88D7-45B6-9CFE-070AEE74ED79}
	EndGlobalSection
EndGlobal
